
Microsoft Visual Studio Solution File, Format Version 12.00
# Visual Studio Version 16
VisualStudioVersion = 16.0.30907.101
MinimumVisualStudioVersion = 10.0.40219.1
Project("{FAE04EC0-301F-11D3-BF4B-00C04F79EFBC}") = "Blish HUD Module1", "Blish HUD Module1.csproj", "{6A2B210C-E8F2-49EE-932F-8B3C7A41CFD8}"
EndProject
Project("{2150E333-8FDC-42A3-9474-1A3956D46DE8}") = "Solution Items", "Solution Items", "{7BEF9CF5-A776-404F-8FC3-76F0F070713B}"
	ProjectSection(SolutionItems) = preProject
		.gitignore = .gitignore
	EndProjectSection
EndProject
Global
	GlobalSection(SolutionConfigurationPlatforms) = preSolution
		Debug|x64 = Debug|x64
		Release|x64 = Release|x64
	EndGlobalSection
	GlobalSection(ProjectConfigurationPlatforms) = postSolution
		{6A2B210C-E8F2-49EE-932F-8B3C7A41CFD8}.Debug|x64.ActiveCfg = Debug|x64
		{6A2B210C-E8F2-49EE-932F-8B3C7A41CFD8}.Debug|x64.Build.0 = Debug|x64
		{6A2B210C-E8F2-49EE-932F-8B3C7A41CFD8}.Release|x64.ActiveCfg = Release|x64
		{6A2B210C-E8F2-49EE-932F-8B3C7A41CFD8}.Release|x64.Build.0 = Release|x64
	EndGlobalSection
	GlobalSection(SolutionProperties) = preSolution
		HideSolutionNode = FALSE
	EndGlobalSection
	GlobalSection(ExtensibilityGlobals) = postSolution
		SolutionGuid = {15A3CA82-57D7-4830-B86D-179640C688A1}
	EndGlobalSection
EndGlobal
